
Microsoft Visual Studio Solution File, Format Version 12.00
# Visual Studio 15
VisualStudioVersion = 15.0.27130.2036
MinimumVisualStudioVersion = 10.0.40219.1
Project("{FAE04EC0-301F-11D3-BF4B-00C04F79EFBC}") = "Log4net.AzureLogAnalytics", "Log4net.AzureLogAnalytics\Log4net.AzureLogAnalytics.csproj", "{D6BC4B11-CF8A-494D-929B-DFBBB6EAF38E}"
EndProject
Project("{FAE04EC0-301F-11D3-BF4B-00C04F79EFBC}") = "Log4net.AzureLogAnalytics.TestConsole", "Log4net.AzureLogAnalytics.TestConsole\Log4net.AzureLogAnalytics.TestConsole.csproj", "{8EC88BE1-7F34-4362-AACA-85BD49EA23B8}"
EndProject
Global
	GlobalSection(SolutionConfigurationPlatforms) = preSolution
		Debug|Any CPU = Debug|Any CPU
		Release|Any CPU = Release|Any CPU
	EndGlobalSection
	GlobalSection(ProjectConfigurationPlatforms) = postSolution
		{D6BC4B11-CF8A-494D-929B-DFBBB6EAF38E}.Debug|Any CPU.ActiveCfg = Debug|Any CPU
		{D6BC4B11-CF8A-494D-929B-DFBBB6EAF38E}.Debug|Any CPU.Build.0 = Debug|Any CPU
		{D6BC4B11-CF8A-494D-929B-DFBBB6EAF38E}.Release|Any CPU.ActiveCfg = Release|Any CPU
		{D6BC4B11-CF8A-494D-929B-DFBBB6EAF38E}.Release|Any CPU.Build.0 = Release|Any CPU
		{8EC88BE1-7F34-4362-AACA-85BD49EA23B8}.Debug|Any CPU.ActiveCfg = Debug|Any CPU
		{8EC88BE1-7F34-4362-AACA-85BD49EA23B8}.Debug|Any CPU.Build.0 = Debug|Any CPU
		{8EC88BE1-7F34-4362-AACA-85BD49EA23B8}.Release|Any CPU.ActiveCfg = Release|Any CPU
		{8EC88BE1-7F34-4362-AACA-85BD49EA23B8}.Release|Any CPU.Build.0 = Release|Any CPU
	EndGlobalSection
	GlobalSection(SolutionProperties) = preSolution
		HideSolutionNode = FALSE
	EndGlobalSection
	GlobalSection(ExtensibilityGlobals) = postSolution
		SolutionGuid = {BAD78E1A-914E-4CF6-9923-07E4E02043E7}
	EndGlobalSection
EndGlobal
